// !$*UTF8*$!
{
	archiveVersion = 1;
	classes = {
	};
	objectVersion = 50;
	objects = {

/* Begin PBXBuildFile section */
		EA3B80E22125CBC6006103F5 /* AppDelegate.swift in Sources */ = {isa = PBXBuildFile; fileRef = EA3B80E12125CBC6006103F5 /* AppDelegate.swift */; };
		EA3B80E42125CBC6006103F5 /* ViewController.swift in Sources */ = {isa = PBXBuildFile; fileRef = EA3B80E32125CBC6006103F5 /* ViewController.swift */; };
		EA3B80E72125CBC6006103F5 /* Main.storyboard in Resources */ = {isa = PBXBuildFile; fileRef = EA3B80E52125CBC6006103F5 /* Main.storyboard */; };
		EA3B80E92125CBC8006103F5 /* Assets.xcassets in Resources */ = {isa = PBXBuildFile; fileRef = EA3B80E82125CBC8006103F5 /* Assets.xcassets */; };
		EA3B80EC2125CBC8006103F5 /* LaunchScreen.storyboard in Resources */ = {isa = PBXBuildFile; fileRef = EA3B80EA2125CBC8006103F5 /* LaunchScreen.storyboard */; };
		EA3B80F52125CC39006103F5 /* IObservable.swift in Sources */ = {isa = PBXBuildFile; fileRef = EA3B80F42125CC39006103F5 /* IObservable.swift */; };
		EA3B80F72125CC57006103F5 /* IObservers.swift in Sources */ = {isa = PBXBuildFile; fileRef = EA3B80F62125CC57006103F5 /* IObservers.swift */; };
		EA3B80FA2125D1F3006103F5 /* TabOne.swift in Sources */ = {isa = PBXBuildFile; fileRef = EA3B80F92125D1F3006103F5 /* TabOne.swift */; };
		EA3B80FC2125DA31006103F5 /* TabTwo.swift in Sources */ = {isa = PBXBuildFile; fileRef = EA3B80FB2125DA31006103F5 /* TabTwo.swift */; };
/* End PBXBuildFile section */

/* Begin PBXFileReference section */
		EA3B80DE2125CBC6006103F5 /* Observer Pattern Timer.app */ = {isa = PBXFileReference; explicitFileType = wrapper.application; includeInIndex = 0; path = "Observer Pattern Timer.app"; sourceTree = BUILT_PRODUCTS_DIR; };
		EA3B80E12125CBC6006103F5 /* AppDelegate.swift */ = {isa = PBXFileReference; lastKnownFileType = sourcecode.swift; path = AppDelegate.swift; sourceTree = "<group>"; };
		EA3B80E32125CBC6006103F5 /* ViewController.swift */ = {isa = PBXFileReference; lastKnownFileType = sourcecode.swift; path = ViewController.swift; sourceTree = "<group>"; };
		EA3B80E62125CBC6006103F5 /* Base */ = {isa = PBXFileReference; lastKnownFileType = file.storyboard; name = Base; path = Base.lproj/Main.storyboard; sourceTree = "<group>"; };
		EA3B80E82125CBC8006103F5 /* Assets.xcassets */ = {isa = PBXFileReference; lastKnownFileType = folder.assetcatalog; path = Assets.xcassets; sourceTree = "<group>"; };
		EA3B80EB2125CBC8006103F5 /* Base */ = {isa = PBXFileReference; lastKnownFileType = file.storyboard; name = Base; path = Base.lproj/LaunchScreen.storyboard; sourceTree = "<group>"; };
		EA3B80ED2125CBC8006103F5 /* Info.plist */ = {isa = PBXFileReference; lastKnownFileType = text.plist.xml; path = Info.plist; sourceTree = "<group>"; };
		EA3B80F42125CC39006103F5 /* IObservable.swift */ = {isa = PBXFileReference; lastKnownFileType = sourcecode.swift; path = IObservable.swift; sourceTree = "<group>"; };
		EA3B80F62125CC57006103F5 /* IObservers.swift */ = {isa = PBXFileReference; lastKnownFileType = sourcecode.swift; path = IObservers.swift; sourceTree = "<group>"; };
		EA3B80F92125D1F3006103F5 /* TabOne.swift */ = {isa = PBXFileReference; lastKnownFileType = sourcecode.swift; path = TabOne.swift; sourceTree = "<group>"; };
		EA3B80FB2125DA31006103F5 /* TabTwo.swift */ = {isa = PBXFileReference; lastKnownFileType = sourcecode.swift; path = TabTwo.swift; sourceTree = "<group>"; };
/* End PBXFileReference section */

/* Begin PBXFrameworksBuildPhase section */
		EA3B80DB2125CBC6006103F5 /* Frameworks */ = {
			isa = PBXFrameworksBuildPhase;
			buildActionMask = 2147483647;
			files = (
			);
			runOnlyForDeploymentPostprocessing = 0;
		};
/* End PBXFrameworksBuildPhase section */

/* Begin PBXGroup section */
		EA3B80D52125CBC6006103F5 = {
			isa = PBXGroup;
			children = (
				EA3B80E02125CBC6006103F5 /* Observer Pattern Timer */,
				EA3B80DF2125CBC6006103F5 /* Products */,
			);
			sourceTree = "<group>";
		};
		EA3B80DF2125CBC6006103F5 /* Products */ = {
			isa = PBXGroup;
			children = (
				EA3B80DE2125CBC6006103F5 /* Observer Pattern Timer.app */,
			);
			name = Products;
			sourceTree = "<group>";
		};
		EA3B80E02125CBC6006103F5 /* Observer Pattern Timer */ = {
			isa = PBXGroup;
			children = (
				EA3B80F32125CBDC006103F5 /* Protocols */,
				EA3B80E12125CBC6006103F5 /* AppDelegate.swift */,
				EA3B80E32125CBC6006103F5 /* ViewController.swift */,
				EA3B80E52125CBC6006103F5 /* Main.storyboard */,
				EA3B80E82125CBC8006103F5 /* Assets.xcassets */,
				EA3B80EA2125CBC8006103F5 /* LaunchScreen.storyboard */,
				EA3B80ED2125CBC8006103F5 /* Info.plist */,
				EA3B80F92125D1F3006103F5 /* TabOne.swift */,
				EA3B80FB2125DA31006103F5 /* TabTwo.swift */,
			);
			path = "Observer Pattern Timer";
			sourceTree = "<group>";
		};
		EA3B80F32125CBDC006103F5 /* Protocols */ = {
			isa = PBXGroup;
			children = (
				EA3B80F42125CC39006103F5 /* IObservable.swift */,
				EA3B80F62125CC57006103F5 /* IObservers.swift */,
			);
			path = Protocols;
			sourceTree = "<group>";
		};
/* End PBXGroup section */

/* Begin PBXNativeTarget section */
		EA3B80DD2125CBC6006103F5 /* Observer Pattern Timer */ = {
			isa = PBXNativeTarget;
			buildConfigurationList = EA3B80F02125CBC8006103F5 /* Build configuration list for PBXNativeTarget "Observer Pattern Timer" */;
			buildPhases = (
				EA3B80DA2125CBC6006103F5 /* Sources */,
				EA3B80DB2125CBC6006103F5 /* Frameworks */,
				EA3B80DC2125CBC6006103F5 /* Resources */,
			);
			buildRules = (
			);
			dependencies = (
			);
			name = "Observer Pattern Timer";
			productName = "Observer Pattern Timer";
			productReference = EA3B80DE2125CBC6006103F5 /* Observer Pattern Timer.app */;
			productType = "com.apple.product-type.application";
		};
/* End PBXNativeTarget section */

/* Begin PBXProject section */
		EA3B80D62125CBC6006103F5 /* Project object */ = {
			isa = PBXProject;
			attributes = {
				LastSwiftUpdateCheck = 0930;
				LastUpgradeCheck = 0930;
				ORGANIZATIONNAME = "Riken Maharjan";
				TargetAttributes = {
					EA3B80DD2125CBC6006103F5 = {
						CreatedOnToolsVersion = 9.3.1;
					};
				};
			};
			buildConfigurationList = EA3B80D92125CBC6006103F5 /* Build configuration list for PBXProject "Observer Pattern Timer" */;
			compatibilityVersion = "Xcode 9.3";
			developmentRegion = en;
			hasScannedForEncodings = 0;
			knownRegions = (
				en,
				Base,
			);
			mainGroup = EA3B80D52125CBC6006103F5;
			productRefGroup = EA3B80DF2125CBC6006103F5 /* Products */;
			projectDirPath = "";
			projectRoot = "";
			targets = (
				EA3B80DD2125CBC6006103F5 /* Observer Pattern Timer */,
			);
		};
/* End PBXProject section */

/* Begin PBXResourcesBuildPhase section */
		EA3B80DC2125CBC6006103F5 /* Resources */ = {
			isa = PBXResourcesBuildPhase;
			buildActionMask = 2147483647;
			files = (
				EA3B80EC2125CBC8006103F5 /* LaunchScreen.storyboard in Resources */,
				EA3B80E92125CBC8006103F5 /* Assets.xcassets in Resources */,
				EA3B80E72125CBC6006103F5 /* Main.storyboard in Resources */,
			);
			runOnlyForDeploymentPostprocessing = 0;
		};
/* End PBXResourcesBuildPhase section */

/* Begin PBXSourcesBuildPhase section */
		EA3B80DA2125CBC6006103F5 /* Sources */ = {
			isa = PBXSourcesBuildPhase;
			buildActionMask = 2147483647;
			files = (
				EA3B80FC2125DA31006103F5 /* TabTwo.swift in Sources */,
				EA3B80E42125CBC6006103F5 /* ViewController.swift in Sources */,
				EA3B80E22125CBC6006103F5 /* AppDelegate.swift in Sources */,
				EA3B80FA2125D1F3006103F5 /* TabOne.swift in Sources */,
				EA3B80F52125CC39006103F5 /* IObservable.swift in Sources */,
				EA3B80F72125CC57006103F5 /* IObservers.swift in Sources */,
			);
			runOnlyForDeploymentPostprocessing = 0;
		};
/* End PBXSourcesBuildPhase section */

/* Begin PBXVariantGroup section */
		EA3B80E52125CBC6006103F5 /* Main.storyboard */ = {
			isa = PBXVariantGroup;
			children = (
				EA3B80E62125CBC6006103F5 /* Base */,
			);
			name = Main.storyboard;
			sourceTree = "<group>";
		};
		EA3B80EA2125CBC8006103F5 /* LaunchScreen.storyboard */ = {
			isa = PBXVariantGroup;
			children = (
				EA3B80EB2125CBC8006103F5 /* Base */,
			);
			name = LaunchScreen.storyboard;
			sourceTree = "<group>";
		};
/* End PBXVariantGroup section */

/* Begin XCBuildConfiguration section */
		EA3B80EE2125CBC8006103F5 /* Debug */ = {
			isa = XCBuildConfiguration;
			buildSettings = {
				ALWAYS_SEARCH_USER_PATHS = NO;
				CLANG_ANALYZER_NONNULL = YES;
				CLANG_ANALYZER_NUMBER_OBJECT_CONVERSION = YES_AGGRESSIVE;
				CLANG_CXX_LANGUAGE_STANDARD = "gnu++14";
				CLANG_CXX_LIBRARY = "libc++";
				CLANG_ENABLE_MODULES = YES;
				CLANG_ENABLE_OBJC_ARC = YES;
				CLANG_ENABLE_OBJC_WEAK = YES;
				CLANG_WARN_BLOCK_CAPTURE_AUTORELEASING = YES;
				CLANG_WARN_BOOL_CONVERSION = YES;
				CLANG_WARN_COMMA = YES;
				CLANG_WARN_CONSTANT_CONVERSION = YES;
				CLANG_WARN_DEPRECATED_OBJC_IMPLEMENTATIONS = YES;
				CLANG_WARN_DIRECT_OBJC_ISA_USAGE = YES_ERROR;
				CLANG_WARN_DOCUMENTATION_COMMENTS = YES;
				CLANG_WARN_EMPTY_BODY = YES;
				CLANG_WARN_ENUM_CONVERSION = YES;
				CLANG_WARN_INFINITE_RECURSION = YES;
				CLANG_WARN_INT_CONVERSION = YES;
				CLANG_WARN_NON_LITERAL_NULL_CONVERSION = YES;
				CLANG_WARN_OBJC_IMPLICIT_RETAIN_SELF = YES;
				CLANG_WARN_OBJC_LITERAL_CONVERSION = YES;
				CLANG_WARN_OBJC_ROOT_CLASS = YES_ERROR;
				CLANG_WARN_RANGE_LOOP_ANALYSIS = YES;
				CLANG_WARN_STRICT_PROTOTYPES = YES;
				CLANG_WARN_SUSPICIOUS_MOVE = YES;
				CLANG_WARN_UNGUARDED_AVAILABILITY = YES_AGGRESSIVE;
				CLANG_WARN_UNREACHABLE_CODE = YES;
				CLANG_WARN__DUPLICATE_METHOD_MATCH = YES;
				CODE_SIGN_IDENTITY = "iPhone Developer";
				COPY_PHASE_STRIP = NO;
				DEBUG_INFORMATION_FORMAT = dwarf;
				ENABLE_STRICT_OBJC_MSGSEND = YES;
				ENABLE_TESTABILITY = YES;
				GCC_C_LANGUAGE_STANDARD = gnu11;
				GCC_DYNAMIC_NO_PIC = NO;
				GCC_NO_COMMON_BLOCKS = YES;
				GCC_OPTIMIZATION_LEVEL = 0;
				GCC_PREPROCESSOR_DEFINITIONS = (
					"DEBUG=1",
					"$(inherited)",
				);
				GCC_WARN_64_TO_32_BIT_CONVERSION = YES;
				GCC_WARN_ABOUT_RETURN_TYPE = YES_ERROR;
				GCC_WARN_UNDECLARED_SELECTOR = YES;
				GCC_WARN_UNINITIALIZED_AUTOS = YES_AGGRESSIVE;
				GCC_WARN_UNUSED_FUNCTION = YES;
				GCC_WARN_UNUSED_VARIABLE = YES;
				IPHONEOS_DEPLOYMENT_TARGET = 11.3;
				MTL_ENABLE_DEBUG_INFO = YES;
				ONLY_ACTIVE_ARCH = YES;
				SDKROOT = iphoneos;
				SWIFT_ACTIVE_COMPILATION_CONDITIONS = DEBUG;
				SWIFT_OPTIMIZATION_LEVEL = "-Onone";
			};
			name = Debug;
		};
		EA3B80EF2125CBC8006103F5 /* Release */ = {
			isa = XCBuildConfiguration;
			buildSettings = {
				ALWAYS_SEARCH_USER_PATHS = NO;
				CLANG_ANALYZER_NONNULL = YES;
				CLANG_ANALYZER_NUMBER_OBJECT_CONVERSION = YES_AGGRESSIVE;
				CLANG_CXX_LANGUAGE_STANDARD = "gnu++14";
				CLANG_CXX_LIBRARY = "libc++";
				CLANG_ENABLE_MODULES = YES;
				CLANG_ENABLE_OBJC_ARC = YES;
				CLANG_ENABLE_OBJC_WEAK = YES;
				CLANG_WARN_BLOCK_CAPTURE_AUTORELEASING = YES;
				CLANG_WARN_BOOL_CONVERSION = YES;
				CLANG_WARN_COMMA = YES;
				CLANG_WARN_CONSTANT_CONVERSION = YES;
				CLANG_WARN_DEPRECATED_OBJC_IMPLEMENTATIONS = YES;
				CLANG_WARN_DIRECT_OBJC_ISA_USAGE = YES_ERROR;
				CLANG_WARN_DOCUMENTATION_COMMENTS = YES;
				CLANG_WARN_EMPTY_BODY = YES;
				CLANG_WARN_ENUM_CONVERSION = YES;
				CLANG_WARN_INFINITE_RECURSION = YES;
				CLANG_WARN_INT_CONVERSION = YES;
				CLANG_WARN_NON_LITERAL_NULL_CONVERSION = YES;
				CLANG_WARN_OBJC_IMPLICIT_RETAIN_SELF = YES;
				CLANG_WARN_OBJC_LITERAL_CONVERSION = YES;
				CLANG_WARN_OBJC_ROOT_CLASS = YES_ERROR;
				CLANG_WARN_RANGE_LOOP_ANALYSIS = YES;
				CLANG_WARN_STRICT_PROTOTYPES = YES;
				CLANG_WARN_SUSPICIOUS_MOVE = YES;
				CLANG_WARN_UNGUARDED_AVAILABILITY = YES_AGGRESSIVE;
				CLANG_WARN_UNREACHABLE_CODE = YES;
				CLANG_WARN__DUPLICATE_METHOD_MATCH = YES;
				CODE_SIGN_IDENTITY = "iPhone Developer";
				COPY_PHASE_STRIP = NO;
				DEBUG_INFORMATION_FORMAT = "dwarf-with-dsym";
				ENABLE_NS_ASSERTIONS = NO;
				ENABLE_STRICT_OBJC_MSGSEND = YES;
				GCC_C_LANGUAGE_STANDARD = gnu11;
				GCC_NO_COMMON_BLOCKS = YES;
				GCC_WARN_64_TO_32_BIT_CONVERSION = YES;
				GCC_WARN_ABOUT_RETURN_TYPE = YES_ERROR;
				GCC_WARN_UNDECLARED_SELECTOR = YES;
				GCC_WARN_UNINITIALIZED_AUTOS = YES_AGGRESSIVE;
				GCC_WARN_UNUSED_FUNCTION = YES;
				GCC_WARN_UNUSED_VARIABLE = YES;
				IPHONEOS_DEPLOYMENT_TARGET = 11.3;
				MTL_ENABLE_DEBUG_INFO = NO;
				SDKROOT = iphoneos;
				SWIFT_COMPILATION_MODE = wholemodule;
				SWIFT_OPTIMIZATION_LEVEL = "-O";
				VALIDATE_PRODUCT = YES;
			};
			name = Release;
		};
		EA3B80F12125CBC8006103F5 /* Debug */ = {
			isa = XCBuildConfiguration;
			buildSettings = {
				ASSETCATALOG_COMPILER_APPICON_NAME = AppIcon;
				CODE_SIGN_STYLE = Automatic;
				DEVELOPMENT_TEAM = MYR79F655Y;
				INFOPLIST_FILE = "Observer Pattern Timer/Info.plist";
				LD_RUNPATH_SEARCH_PATHS = (
					"$(inherited)",
					"@executable_path/Frameworks",
				);
				PRODUCT_BUNDLE_IDENTIFIER = "co.nibble.Observer-Pattern-Timer";
				PRODUCT_NAME = "$(TARGET_NAME)";
				SWIFT_VERSION = 4.0;
				TARGETED_DEVICE_FAMILY = "1,2";
			};
			name = Debug;
		};
		EA3B80F22125CBC8006103F5 /* Release */ = {
			isa = XCBuildConfiguration;
			buildSettings = {
				ASSETCATALOG_COMPILER_APPICON_NAME = AppIcon;
				CODE_SIGN_STYLE = Automatic;
				DEVELOPMENT_TEAM = MYR79F655Y;
				INFOPLIST_FILE = "Observer Pattern Timer/Info.plist";
				LD_RUNPATH_SEARCH_PATHS = (
					"$(inherited)",
					"@executable_path/Frameworks",
				);
				PRODUCT_BUNDLE_IDENTIFIER = "co.nibble.Observer-Pattern-Timer";
				PRODUCT_NAME = "$(TARGET_NAME)";
				SWIFT_VERSION = 4.0;
				TARGETED_DEVICE_FAMILY = "1,2";
			};
			name = Release;
		};
/* End XCBuildConfiguration section */

/* Begin XCConfigurationList section */
		EA3B80D92125CBC6006103F5 /* Build configuration list for PBXProject "Observer Pattern Timer" */ = {
			isa = XCConfigurationList;
			buildConfigurations = (
				EA3B80EE2125CBC8006103F5 /* Debug */,
				EA3B80EF2125CBC8006103F5 /* Release */,
			);
			defaultConfigurationIsVisible = 0;
			defaultConfigurationName = Release;
		};
		EA3B80F02125CBC8006103F5 /* Build configuration list for PBXNativeTarget "Observer Pattern Timer" */ = {
			isa = XCConfigurationList;
			buildConfigurations = (
				EA3B80F12125CBC8006103F5 /* Debug */,
				EA3B80F22125CBC8006103F5 /* Release */,
			);
			defaultConfigurationIsVisible = 0;
			defaultConfigurationName = Release;
		};
/* End XCConfigurationList section */
	};
	rootObject = EA3B80D62125CBC6006103F5 /* Project object */;
}
